# DO NOT EDIT MANUALLY - Managed by Fern Replay
version: "1.0"
generations:
  - commit_sha: b704be03b6d4052d11040213167caf59a426a016
    tree_hash: e2288ddf76f4be1aee213753d151be826cdfdf3e
    timestamp: 2026-09-24T19:49:05.759Z
    cli_version: unknown
    generator_versions: {}
current_generation: b704be03b6d4052d11040213167caf59a426a016
patches: []
